<?xml version="1.0" encoding="utf-8"?>
<Project ToolsVersion="4.0" xmlns="http://schemas.microsoft.com/developer/msbuild/2003">
  <ItemGroup>
    <Filter Include="Source Files">
      <UniqueIdentifier>{4FC737F1-C7A5-4376-A066-2A32D752A2FF}</UniqueIdentifier>
      <Extensions>cpp;c;cc;cxx;c++;cppm;ixx;def;odl;idl;hpj;bat;asm;asmx</Extensions>
    </Filter>
    <Filter Include="Header Files">
      <UniqueIdentifier>{93995380-89BD-4b04-88EB-625FBE52EBFB}</UniqueIdentifier>
      <Extensions>h;hh;hpp;hxx;h++;hm;inl;inc;ipp;xsd</Extensions>
    </Filter>
    <Filter Include="Resource Files">
      <UniqueIdentifier>{67DA6AB6-F800-4c08-8B7A-83BB121AAD01}</UniqueIdentifier>
      <Extensions>rc;ico;cur;bmp;dlg;rc2;rct;bin;rgs;gif;jpg;jpeg;jpe;resx;tiff;tif;png;wav;mfcribbon-ms</Extensions>
    </Filter>
    <Filter Include="Header Files\leetCode">
      <UniqueIdentifier>{1ca39f61-4e21-43c6-84eb-8f0901f25aa5}</UniqueIdentifier>
    </Filter>
    <Filter Include="Header Files\workForSchool">
      <UniqueIdentifier>{adc4246a-73eb-4dcf-b356-50c1d54dabe9}</UniqueIdentifier>
    </Filter>
    <Filter Include="Header Files\leetCode\test">
      <UniqueIdentifier>{5e3ca9fd-afd5-4285-8d79-c3596835b3cd}</UniqueIdentifier>
    </Filter>
    <Filter Include="Header Files\leetCode\problem">
      <UniqueIdentifier>{6cb1282d-6051-413d-8685-05cf655ea46c}</UniqueIdentifier>
    </Filter>
    <Filter Include="Source Files\leetCode">
      <UniqueIdentifier>{3923f3af-2a7c-4ac7-acee-5d9510134ea3}</UniqueIdentifier>
    </Filter>
    <Filter Include="Source Files\leetCode\test">
      <UniqueIdentifier>{e740c164-a88a-4ea3-963c-31464a78cda3}</UniqueIdentifier>
    </Filter>
    <Filter Include="Source Files\leetCode\problem">
      <UniqueIdentifier>{2dc1db80-da05-401f-b66d-c856c141cd0c}</UniqueIdentifier>
    </Filter>
    <Filter Include="Source Files\workForSchool">
      <UniqueIdentifier>{3ddc68e9-9a15-4550-a97c-a9a2be6fafc3}</UniqueIdentifier>
    </Filter>
    <Filter Include="Source Files\workForSchool\tests">
      <UniqueIdentifier>{b6684b3c-7166-4fb7-8717-51c4b6d8a78f}</UniqueIdentifier>
    </Filter>
    <Filter Include="Source Files\workForSchool\sources">
      <UniqueIdentifier>{479ef428-2bc5-4b71-a8fb-fe659a91c7a0}</UniqueIdentifier>
    </Filter>
    <Filter Include="Header Files\workForSchool\sources">
      <UniqueIdentifier>{528e785c-4244-4d06-8b16-af3d474f9f63}</UniqueIdentifier>
    </Filter>
    <Filter Include="Header Files\workForSchool\tests">
      <UniqueIdentifier>{ce088597-07e4-4946-947f-633d4fe15a86}</UniqueIdentifier>
    </Filter>
  </ItemGroup>
  <ItemGroup>
    <ClCompile Include="main.cpp">
      <Filter>Source Files</Filter>
    </ClCompile>
    <ClCompile Include="Test.cpp">
      <Filter>Source Files\leetCode\test</Filter>
    </ClCompile>
    <ClCompile Include="AddTwoNumbersTest.cpp">
      <Filter>Source Files\leetCode\test</Filter>
    </ClCompile>
    <ClCompile Include="AddTwoNumbers.cpp">
      <Filter>Source Files\leetCode\problem</Filter>
    </ClCompile>
    <ClCompile Include="ContainerWithMostWater.cpp">
      <Filter>Source Files\leetCode\problem</Filter>
    </ClCompile>
    <ClCompile Include="ContainerWithMostWaterTest.cpp">
      <Filter>Source Files\leetCode\test</Filter>
    </ClCompile>
    <ClCompile Include="EditDistancaBetweenTwoStringsTest.cpp">
      <Filter>Source Files\leetCode\test</Filter>
    </ClCompile>
    <ClCompile Include="EditDistanceBetweenTwoStrings.cpp">
      <Filter>Source Files\leetCode\problem</Filter>
    </ClCompile>
    <ClCompile Include="IntegerToRoman.cpp">
      <Filter>Source Files\leetCode\problem</Filter>
    </ClCompile>
    <ClCompile Include="IntegerToRomanTest.cpp">
      <Filter>Source Files\leetCode\test</Filter>
    </ClCompile>
    <ClCompile Include="JewelsAndStones.cpp">
      <Filter>Source Files\leetCode\problem</Filter>
    </ClCompile>
    <ClCompile Include="JewelsAndStonesTest.cpp">
      <Filter>Source Files\leetCode\test</Filter>
    </ClCompile>
    <ClCompile Include="LongestCommonPrefixTest.cpp">
      <Filter>Source Files\leetCode\test</Filter>
    </ClCompile>
    <ClCompile Include="LongestCommonPrefix.cpp">
      <Filter>Source Files\leetCode\problem</Filter>
    </ClCompile>
    <ClCompile Include="LongestPalindromicSubstringTest.cpp">
      <Filter>Source Files\leetCode\test</Filter>
    </ClCompile>
    <ClCompile Include="LongestPalindromicSubstring.cpp">
      <Filter>Source Files\leetCode\problem</Filter>
    </ClCompile>
    <ClCompile Include="MedianOfTwoSortedArrayTest.cpp">
      <Filter>Source Files\leetCode\test</Filter>
    </ClCompile>
    <ClCompile Include="MedianOfTwoSortedArrays.cpp">
      <Filter>Source Files\leetCode\problem</Filter>
    </ClCompile>
    <ClCompile Include="stringToIntegerTest.cpp">
      <Filter>Source Files\leetCode\test</Filter>
    </ClCompile>
    <ClCompile Include="stringToInteger.cpp">
      <Filter>Source Files\leetCode\problem</Filter>
    </ClCompile>
    <ClCompile Include="_3Sum.cpp">
      <Filter>Source Files\leetCode\problem</Filter>
    </ClCompile>
    <ClCompile Include="_3SumTest.cpp">
      <Filter>Source Files\leetCode\test</Filter>
    </ClCompile>
    <ClCompile Include="MinCoinExchange.cpp">
      <Filter>Source Files\leetCode\problem</Filter>
    </ClCompile>
    <ClCompile Include="CoinExchangeTest.cpp">
      <Filter>Source Files\leetCode\test</Filter>
    </ClCompile>
    <ClCompile Include="reverseNumberClass.cpp">
      <Filter>Source Files\leetCode\problem</Filter>
    </ClCompile>
    <ClCompile Include="reverseString.cpp">
      <Filter>Source Files\leetCode\problem</Filter>
    </ClCompile>
    <ClCompile Include="twoSumClass.cpp">
      <Filter>Source Files\leetCode\problem</Filter>
    </ClCompile>
    <ClCompile Include="palindromeNumberClass.cpp">
      <Filter>Source Files\leetCode\problem</Filter>
    </ClCompile>
    <ClCompile Include="LongestSubstringWithoutRepeatingCharacters.cpp">
      <Filter>Source Files\leetCode\problem</Filter>
    </ClCompile>
    <ClCompile Include="MergeTwoSortedList21.cpp">
      <Filter>Source Files\leetCode\problem</Filter>
    </ClCompile>
    <ClCompile Include="TwoSum.cpp">
      <Filter>Source Files\leetCode\problem</Filter>
    </ClCompile>
    <ClCompile Include="RomanToInteger.cpp">
      <Filter>Source Files\leetCode\problem</Filter>
    </ClCompile>
    <ClCompile Include="ValidParenheses20.cpp">
      <Filter>Source Files\leetCode\problem</Filter>
    </ClCompile>
    <ClCompile Include="RemoveElement27.cpp">
      <Filter>Source Files\leetCode\problem</Filter>
    </ClCompile>
    <ClCompile Include="SearchInsertPosition35.cpp">
      <Filter>Source Files\leetCode\problem</Filter>
    </ClCompile>
    <ClCompile Include="RemoveDuplicatesFromSortedArray26.cpp">
      <Filter>Source Files\leetCode\problem</Filter>
    </ClCompile>
    <ClCompile Include="ReverseInteger.cpp">
      <Filter>Source Files\leetCode\problem</Filter>
    </ClCompile>
    <ClCompile Include="linkedList.cpp">
      <Filter>Source Files\workForSchool\sources</Filter>
    </ClCompile>
    <ClCompile Include="MemoryUsage.cpp">
      <Filter>Source Files\workForSchool\sources</Filter>
    </ClCompile>
    <ClCompile Include="ProcessCreating.cpp">
      <Filter>Source Files\workForSchool\sources</Filter>
    </ClCompile>
    <ClCompile Include="wfsTests.cpp">
      <Filter>Source Files\workForSchool\tests</Filter>
    </ClCompile>
    <ClCompile Include="linkedListTest.cpp">
      <Filter>Source Files\workForSchool\tests</Filter>
    </ClCompile>
    <ClCompile Include="myBSTTest.cpp">
      <Filter>Source Files\workForSchool\tests</Filter>
    </ClCompile>
    <ClCompile Include="printValidity.cpp">
      <Filter>Source Files\workForSchool\tests</Filter>
    </ClCompile>
    <ClCompile Include="myBST.cpp">
      <Filter>Source Files\workForSchool\sources</Filter>
    </ClCompile>
    <ClCompile Include="mergeKSortedLists.cpp">
      <Filter>Source Files</Filter>
    </ClCompile>
    <ClCompile Include="DivideTwoIntegers.cpp">
      <Filter>Source Files\leetCode\problem</Filter>
    </ClCompile>
    <ClCompile Include="DivideTwoIntegersTests.cpp">
      <Filter>Source Files\leetCode\test</Filter>
    </ClCompile>
    <ClCompile Include="LetterCombinationsOfAPhoneNumber.cpp">
      <Filter>Source Files</Filter>
    </ClCompile>
    <ClCompile Include="GenerateParentheses.cpp">
      <Filter>Source Files</Filter>
    </ClCompile>
    <ClCompile Include="GenerateParenthesesTest.cpp">
      <Filter>Source Files</Filter>
    </ClCompile>
  </ItemGroup>
  <ItemGroup>
    <ClInclude Include="Test.h">
      <Filter>Header Files\leetCode\test</Filter>
    </ClInclude>
    <ClInclude Include="AddTwoNumbersTest.h">
      <Filter>Header Files\leetCode\test</Filter>
    </ClInclude>
    <ClInclude Include="AddTwoNumbers.h">
      <Filter>Header Files\leetCode\problem</Filter>
    </ClInclude>
    <ClInclude Include="ContainerWithMostWater.h">
      <Filter>Header Files\leetCode\problem</Filter>
    </ClInclude>
    <ClInclude Include="ContainerWithMostWaterTest.h">
      <Filter>Header Files\leetCode\test</Filter>
    </ClInclude>
    <ClInclude Include="EditDistancaBetweenTwoStringsTest.h">
      <Filter>Header Files\leetCode\test</Filter>
    </ClInclude>
    <ClInclude Include="EditDistanceBetweenTwoStrings.h">
      <Filter>Header Files\leetCode\problem</Filter>
    </ClInclude>
    <ClInclude Include="IntegerToRomanTest.h">
      <Filter>Header Files\leetCode\test</Filter>
    </ClInclude>
    <ClInclude Include="IntegerToRoman.h">
      <Filter>Header Files\leetCode\problem</Filter>
    </ClInclude>
    <ClInclude Include="JewelsAndStones.h">
      <Filter>Header Files\leetCode\problem</Filter>
    </ClInclude>
    <ClInclude Include="JewelsAndStonesTest.h">
      <Filter>Header Files\leetCode\test</Filter>
    </ClInclude>
    <ClInclude Include="LongestCommonPrefix.h">
      <Filter>Header Files\leetCode\problem</Filter>
    </ClInclude>
    <ClInclude Include="LongestCommonPrefixTest.h">
      <Filter>Header Files\leetCode\test</Filter>
    </ClInclude>
    <ClInclude Include="LongestPalindromicSubstring.h">
      <Filter>Header Files\leetCode\problem</Filter>
    </ClInclude>
    <ClInclude Include="LongestPalindromicSubstringTest.h">
      <Filter>Header Files\leetCode\test</Filter>
    </ClInclude>
    <ClInclude Include="MedianOfTwoSortedArrays.h">
      <Filter>Header Files\leetCode\problem</Filter>
    </ClInclude>
    <ClInclude Include="MedianOfTwoSortedArrayTest.h">
      <Filter>Header Files\leetCode\test</Filter>
    </ClInclude>
    <ClInclude Include="stringToIntegerTest.h">
      <Filter>Header Files\leetCode\test</Filter>
    </ClInclude>
    <ClInclude Include="stringToInteger.h">
      <Filter>Header Files\leetCode\problem</Filter>
    </ClInclude>
    <ClInclude Include="_3Sum.h">
      <Filter>Header Files\leetCode\problem</Filter>
    </ClInclude>
    <ClInclude Include="_3SumTest.h">
      <Filter>Header Files\leetCode\test</Filter>
    </ClInclude>
    <ClInclude Include="CoinExchangeTest.h">
      <Filter>Header Files\leetCode\test</Filter>
    </ClInclude>
    <ClInclude Include="MinCoinExchange.h">
      <Filter>Header Files\leetCode\problem</Filter>
    </ClInclude>
    <ClInclude Include="reverseNumberClass.h">
      <Filter>Header Files\leetCode\problem</Filter>
    </ClInclude>
    <ClInclude Include="reverseString.h">
      <Filter>Header Files\leetCode\problem</Filter>
    </ClInclude>
    <ClInclude Include="twoSumClass.h">
      <Filter>Header Files\leetCode\problem</Filter>
    </ClInclude>
    <ClInclude Include="palindromeNumberClass.h">
      <Filter>Header Files\leetCode\problem</Filter>
    </ClInclude>
    <ClInclude Include="LongestSubstringWithoutRepeatingCharacters.h">
      <Filter>Header Files\leetCode\problem</Filter>
    </ClInclude>
    <ClInclude Include="MergeTwoSortedList21.h">
      <Filter>Header Files\leetCode\problem</Filter>
    </ClInclude>
    <ClInclude Include="TwoSum.h">
      <Filter>Header Files\leetCode\problem</Filter>
    </ClInclude>
    <ClInclude Include="ValidParenheses20.h">
      <Filter>Header Files\leetCode\problem</Filter>
    </ClInclude>
    <ClInclude Include="RomanToInteger.h">
      <Filter>Header Files\leetCode\problem</Filter>
    </ClInclude>
    <ClInclude Include="RemoveElement27.h">
      <Filter>Header Files\leetCode\problem</Filter>
    </ClInclude>
    <ClInclude Include="SearchInsertPosition35.h">
      <Filter>Header Files\leetCode\problem</Filter>
    </ClInclude>
    <ClInclude Include="RemoveDuplicatesFromSortedArray26.h">
      <Filter>Header Files\leetCode\problem</Filter>
    </ClInclude>
    <ClInclude Include="ReverseInteger.h">
      <Filter>Header Files\leetCode\problem</Filter>
    </ClInclude>
    <ClInclude Include="linkedList.h">
      <Filter>Header Files\workForSchool\sources</Filter>
    </ClInclude>
    <ClInclude Include="MemoryUsage.h">
      <Filter>Header Files\workForSchool\sources</Filter>
    </ClInclude>
    <ClInclude Include="ProcessCreating.h">
      <Filter>Header Files\workForSchool\sources</Filter>
    </ClInclude>
    <ClInclude Include="wfsTests.h">
      <Filter>Header Files\workForSchool\tests</Filter>
    </ClInclude>
    <ClInclude Include="linkedListTest.h">
      <Filter>Header Files\workForSchool\tests</Filter>
    </ClInclude>
    <ClInclude Include="myBSTTest.h">
      <Filter>Header Files\workForSchool\tests</Filter>
    </ClInclude>
    <ClInclude Include="myBST.h">
      <Filter>Header Files\workForSchool\sources</Filter>
    </ClInclude>
    <ClInclude Include="printValidity.h">
      <Filter>Header Files</Filter>
    </ClInclude>
    <ClInclude Include="mergeKSortedLists.h">
      <Filter>Header Files</Filter>
    </ClInclude>
    <ClInclude Include="DivideTwoIntegers.h">
      <Filter>Header Files\leetCode\problem</Filter>
    </ClInclude>
    <ClInclude Include="DivideTwoIntegersTests.h">
      <Filter>Header Files\leetCode\test</Filter>
    </ClInclude>
    <ClInclude Include="LetterCombinationsOfAPhoneNumber.h">
      <Filter>Header Files</Filter>
    </ClInclude>
    <ClInclude Include="GenerateParentheses.h">
      <Filter>Header Files</Filter>
    </ClInclude>
    <ClInclude Include="GenerateParenthesesTest.h">
      <Filter>Header Files</Filter>
    </ClInclude>
  </ItemGroup>
</Project>